// !$*UTF8*$!
{
	archiveVersion = 1;
	classes = {
	};
	objectVersion = 46;
	objects = {

/* Begin PBXBuildFile section */
		BFB510161BA2CAB9009BFCE3 /* main.m in Sources */ = {isa = PBXBuildFile; fileRef = BFB510151BA2CAB9009BFCE3 /* main.m */; };
		BFB510191BA2CAB9009BFCE3 /* AppDelegate.m in Sources */ = {isa = PBXBuildFile; fileRef = BFB510181BA2CAB9009BFCE3 /* AppDelegate.m */; };
		BFB5101C1BA2CAB9009BFCE3 /* ViewController.m in Sources */ = {isa = PBXBuildFile; fileRef = BFB5101B1BA2CAB9009BFCE3 /* ViewController.m */; };
		BFB5101F1BA2CAB9009BFCE3 /* Main.storyboard in Resources */ = {isa = PBXBuildFile; fileRef = BFB5101D1BA2CAB9009BFCE3 /* Main.storyboard */; };
		BFB510211BA2CAB9009BFCE3 /* Assets.xcassets in Resources */ = {isa = PBXBuildFile; fileRef = BFB510201BA2CAB9009BFCE3 /* Assets.xcassets */; };
		BFB510241BA2CAB9009BFCE3 /* LaunchScreen.storyboard in Resources */ = {isa = PBXBuildFile; fileRef = BFB510221BA2CAB9009BFCE3 /* LaunchScreen.storyboard */; };
		BFB5102D1BA2CAD1009BFCE3 /* JMCircleView.m in Sources */ = {isa = PBXBuildFile; fileRef = BFB5102C1BA2CAD1009BFCE3 /* JMCircleView.m */; };
		BFB510361BA30605009BFCE3 /* JMMathUtil.m in Sources */ = {isa = PBXBuildFile; fileRef = BFB510351BA30605009BFCE3 /* JMMathUtil.m */; };
/* End PBXBuildFile section */

/* Begin PBXFileReference section */
		BFB510111BA2CAB9009BFCE3 /* CircleTest.app */ = {isa = PBXFileReference; explicitFileType = wrapper.application; includeInIndex = 0; path = CircleTest.app; sourceTree = BUILT_PRODUCTS_DIR; };
		BFB510151BA2CAB9009BFCE3 /* main.m */ = {isa = PBXFileReference; lastKnownFileType = sourcecode.c.objc; path = main.m; sourceTree = "<group>"; };
		BFB510171BA2CAB9009BFCE3 /* AppDelegate.h */ = {isa = PBXFileReference; lastKnownFileType = sourcecode.c.h; path = AppDelegate.h; sourceTree = "<group>"; };
		BFB510181BA2CAB9009BFCE3 /* AppDelegate.m */ = {isa = PBXFileReference; lastKnownFileType = sourcecode.c.objc; path = AppDelegate.m; sourceTree = "<group>"; };
		BFB5101A1BA2CAB9009BFCE3 /* ViewController.h */ = {isa = PBXFileReference; lastKnownFileType = sourcecode.c.h; path = ViewController.h; sourceTree = "<group>"; };
		BFB5101B1BA2CAB9009BFCE3 /* ViewController.m */ = {isa = PBXFileReference; lastKnownFileType = sourcecode.c.objc; path = ViewController.m; sourceTree = "<group>"; };
		BFB5101E1BA2CAB9009BFCE3 /* Base */ = {isa = PBXFileReference; lastKnownFileType = file.storyboard; name = Base; path = Base.lproj/Main.storyboard; sourceTree = "<group>"; };
		BFB510201BA2CAB9009BFCE3 /* Assets.xcassets */ = {isa = PBXFileReference; lastKnownFileType = folder.assetcatalog; path = Assets.xcassets; sourceTree = "<group>"; };
		BFB510231BA2CAB9009BFCE3 /* Base */ = {isa = PBXFileReference; lastKnownFileType = file.storyboard; name = Base; path = Base.lproj/LaunchScreen.storyboard; sourceTree = "<group>"; };
		BFB510251BA2CAB9009BFCE3 /* Info.plist */ = {isa = PBXFileReference; lastKnownFileType = text.plist.xml; path = Info.plist; sourceTree = "<group>"; };
		BFB5102B1BA2CAD1009BFCE3 /* JMCircleView.h */ = {isa = PBXFileReference; fileEncoding = 4; lastKnownFileType = sourcecode.c.h; path = JMCircleView.h; sourceTree = "<group>"; };
		BFB5102C1BA2CAD1009BFCE3 /* JMCircleView.m */ = {isa = PBXFileReference; fileEncoding = 4; lastKnownFileType = sourcecode.c.objc; path = JMCircleView.m; sourceTree = "<group>"; };
		BFB510341BA30605009BFCE3 /* JMMathUtil.h */ = {isa = PBXFileReference; fileEncoding = 4; lastKnownFileType = sourcecode.c.h; path = JMMathUtil.h; sourceTree = "<group>"; };
		BFB510351BA30605009BFCE3 /* JMMathUtil.m */ = {isa = PBXFileReference; fileEncoding = 4; lastKnownFileType = sourcecode.c.objc; path = JMMathUtil.m; sourceTree = "<group>"; };
/* End PBXFileReference section */

/* Begin PBXFrameworksBuildPhase section */
		BFB5100E1BA2CAB9009BFCE3 /* Frameworks */ = {
			isa = PBXFrameworksBuildPhase;
			buildActionMask = 2147483647;
			files = (
			);
			runOnlyForDeploymentPostprocessing = 0;
		};
/* End PBXFrameworksBuildPhase section */

/* Begin PBXGroup section */
		BFB510081BA2CAB9009BFCE3 = {
			isa = PBXGroup;
			children = (
				BFB510131BA2CAB9009BFCE3 /* CircleTest */,
				BFB510121BA2CAB9009BFCE3 /* Products */,
			);
			sourceTree = "<group>";
		};
		BFB510121BA2CAB9009BFCE3 /* Products */ = {
			isa = PBXGroup;
			children = (
				BFB510111BA2CAB9009BFCE3 /* CircleTest.app */,
			);
			name = Products;
			sourceTree = "<group>";
		};
		BFB510131BA2CAB9009BFCE3 /* CircleTest */ = {
			isa = PBXGroup;
			children = (
				BFB510171BA2CAB9009BFCE3 /* AppDelegate.h */,
				BFB510181BA2CAB9009BFCE3 /* AppDelegate.m */,
				BFB5101A1BA2CAB9009BFCE3 /* ViewController.h */,
				BFB5101B1BA2CAB9009BFCE3 /* ViewController.m */,
				BFB5101D1BA2CAB9009BFCE3 /* Main.storyboard */,
				BFB510201BA2CAB9009BFCE3 /* Assets.xcassets */,
				BFB510221BA2CAB9009BFCE3 /* LaunchScreen.storyboard */,
				BFB510251BA2CAB9009BFCE3 /* Info.plist */,
				BFB510141BA2CAB9009BFCE3 /* Supporting Files */,
				BFB5102B1BA2CAD1009BFCE3 /* JMCircleView.h */,
				BFB5102C1BA2CAD1009BFCE3 /* JMCircleView.m */,
				BFB510341BA30605009BFCE3 /* JMMathUtil.h */,
				BFB510351BA30605009BFCE3 /* JMMathUtil.m */,
			);
			path = CircleTest;
			sourceTree = "<group>";
		};
		BFB510141BA2CAB9009BFCE3 /* Supporting Files */ = {
			isa = PBXGroup;
			children = (
				BFB510151BA2CAB9009BFCE3 /* main.m */,
			);
			name = "Supporting Files";
			sourceTree = "<group>";
		};
/* End PBXGroup section */

/* Begin PBXNativeTarget section */
		BFB510101BA2CAB9009BFCE3 /* CircleTest */ = {
			isa = PBXNativeTarget;
			buildConfigurationList = BFB510281BA2CAB9009BFCE3 /* Build configuration list for PBXNativeTarget "CircleTest" */;
			buildPhases = (
				BFB5100D1BA2CAB9009BFCE3 /* Sources */,
				BFB5100E1BA2CAB9009BFCE3 /* Frameworks */,
				BFB5100F1BA2CAB9009BFCE3 /* Resources */,
			);
			buildRules = (
			);
			dependencies = (
			);
			name = CircleTest;
			productName = CircleTest;
			productReference = BFB510111BA2CAB9009BFCE3 /* CircleTest.app */;
			productType = "com.apple.product-type.application";
		};
/* End PBXNativeTarget section */

/* Begin PBXProject section */
		BFB510091BA2CAB9009BFCE3 /* Project object */ = {
			isa = PBXProject;
			attributes = {
				LastUpgradeCheck = 0700;
				ORGANIZATIONNAME = handos;
				TargetAttributes = {
					BFB510101BA2CAB9009BFCE3 = {
						CreatedOnToolsVersion = 7.0;
					};
				};
			};
			buildConfigurationList = BFB5100C1BA2CAB9009BFCE3 /* Build configuration list for PBXProject "CircleTest" */;
			compatibilityVersion = "Xcode 3.2";
			developmentRegion = English;
			hasScannedForEncodings = 0;
			knownRegions = (
				en,
				Base,
			);
			mainGroup = BFB510081BA2CAB9009BFCE3;
			productRefGroup = BFB510121BA2CAB9009BFCE3 /* Products */;
			projectDirPath = "";
			projectRoot = "";
			targets = (
				BFB510101BA2CAB9009BFCE3 /* CircleTest */,
			);
		};
/* End PBXProject section */

/* Begin PBXResourcesBuildPhase section */
		BFB5100F1BA2CAB9009BFCE3 /* Resources */ = {
			isa = PBXResourcesBuildPhase;
			buildActionMask = 2147483647;
			files = (
				BFB510241BA2CAB9009BFCE3 /* LaunchScreen.storyboard in Resources */,
				BFB510211BA2CAB9009BFCE3 /* Assets.xcassets in Resources */,
				BFB5101F1BA2CAB9009BFCE3 /* Main.storyboard in Resources */,
			);
			runOnlyForDeploymentPostprocessing = 0;
		};
/* End PBXResourcesBuildPhase section */

/* Begin PBXSourcesBuildPhase section */
		BFB5100D1BA2CAB9009BFCE3 /* Sources */ = {
			isa = PBXSourcesBuildPhase;
			buildActionMask = 2147483647;
			files = (
				BFB5101C1BA2CAB9009BFCE3 /* ViewController.m in Sources */,
				BFB5102D1BA2CAD1009BFCE3 /* JMCircleView.m in Sources */,
				BFB510191BA2CAB9009BFCE3 /* AppDelegate.m in Sources */,
				BFB510361BA30605009BFCE3 /* JMMathUtil.m in Sources */,
				BFB510161BA2CAB9009BFCE3 /* main.m in Sources */,
			);
			runOnlyForDeploymentPostprocessing = 0;
		};
/* End PBXSourcesBuildPhase section */

/* Begin PBXVariantGroup section */
		BFB5101D1BA2CAB9009BFCE3 /* Main.storyboard */ = {
			isa = PBXVariantGroup;
			children = (
				BFB5101E1BA2CAB9009BFCE3 /* Base */,
			);
			name = Main.storyboard;
			sourceTree = "<group>";
		};
		BFB510221BA2CAB9009BFCE3 /* LaunchScreen.storyboard */ = {
			isa = PBXVariantGroup;
			children = (
				BFB510231BA2CAB9009BFCE3 /* Base */,
			);
			name = LaunchScreen.storyboard;
			sourceTree = "<group>";
		};
/* End PBXVariantGroup section */

/* Begin XCBuildConfiguration section */
		BFB510261BA2CAB9009BFCE3 /* Debug */ = {
			isa = XCBuildConfiguration;
			buildSettings = {
				ALWAYS_SEARCH_USER_PATHS = NO;
				CLANG_CXX_LANGUAGE_STANDARD = "gnu++0x";
				CLANG_CXX_LIBRARY = "libc++";
				CLANG_ENABLE_MODULES = YES;
				CLANG_ENABLE_OBJC_ARC = YES;
				CLANG_WARN_BOOL_CONVERSION = YES;
				CLANG_WARN_CONSTANT_CONVERSION = YES;
				CLANG_WARN_DIRECT_OBJC_ISA_USAGE = YES_ERROR;
				CLANG_WARN_EMPTY_BODY = YES;
				CLANG_WARN_ENUM_CONVERSION = YES;
				CLANG_WARN_INT_CONVERSION = YES;
				CLANG_WARN_OBJC_ROOT_CLASS = YES_ERROR;
				CLANG_WARN_UNREACHABLE_CODE = YES;
				CLANG_WARN__DUPLICATE_METHOD_MATCH = YES;
				"CODE_SIGN_IDENTITY[sdk=iphoneos*]" = "iPhone Developer";
				COPY_PHASE_STRIP = NO;
				DEBUG_INFORMATION_FORMAT = dwarf;
				ENABLE_STRICT_OBJC_MSGSEND = YES;
				ENABLE_TESTABILITY = YES;
				GCC_C_LANGUAGE_STANDARD = gnu99;
				GCC_DYNAMIC_NO_PIC = NO;
				GCC_NO_COMMON_BLOCKS = YES;
				GCC_OPTIMIZATION_LEVEL = 0;
				GCC_PREPROCESSOR_DEFINITIONS = (
					"DEBUG=1",
					"$(inherited)",
				);
				GCC_WARN_64_TO_32_BIT_CONVERSION = YES;
				GCC_WARN_ABOUT_RETURN_TYPE = YES_ERROR;
				GCC_WARN_UNDECLARED_SELECTOR = YES;
				GCC_WARN_UNINITIALIZED_AUTOS = YES_AGGRESSIVE;
				GCC_WARN_UNUSED_FUNCTION = YES;
				GCC_WARN_UNUSED_VARIABLE = YES;
				IPHONEOS_DEPLOYMENT_TARGET = 9.0;
				MTL_ENABLE_DEBUG_INFO = YES;
				ONLY_ACTIVE_ARCH = YES;
				SDKROOT = iphoneos;
				TARGETED_DEVICE_FAMILY = "1,2";
			};
			name = Debug;
		};
		BFB510271BA2CAB9009BFCE3 /* Release */ = {
			isa = XCBuildConfiguration;
			buildSettings = {
				ALWAYS_SEARCH_USER_PATHS = NO;
				CLANG_CXX_LANGUAGE_STANDARD = "gnu++0x";
				CLANG_CXX_LIBRARY = "libc++";
				CLANG_ENABLE_MODULES = YES;
				CLANG_ENABLE_OBJC_ARC = YES;
				CLANG_WARN_BOOL_CONVERSION = YES;
				CLANG_WARN_CONSTANT_CONVERSION = YES;
				CLANG_WARN_DIRECT_OBJC_ISA_USAGE = YES_ERROR;
				CLANG_WARN_EMPTY_BODY = YES;
				CLANG_WARN_ENUM_CONVERSION = YES;
				CLANG_WARN_INT_CONVERSION = YES;
				CLANG_WARN_OBJC_ROOT_CLASS = YES_ERROR;
				CLANG_WARN_UNREACHABLE_CODE = YES;
				CLANG_WARN__DUPLICATE_METHOD_MATCH = YES;
				"CODE_SIGN_IDENTITY[sdk=iphoneos*]" = "iPhone Developer";
				COPY_PHASE_STRIP = NO;
				DEBUG_INFORMATION_FORMAT = "dwarf-with-dsym";
				ENABLE_NS_ASSERTIONS = NO;
				ENABLE_STRICT_OBJC_MSGSEND = YES;
				GCC_C_LANGUAGE_STANDARD = gnu99;
				GCC_NO_COMMON_BLOCKS = YES;
				GCC_WARN_64_TO_32_BIT_CONVERSION = YES;
				GCC_WARN_ABOUT_RETURN_TYPE = YES_ERROR;
				GCC_WARN_UNDECLARED_SELECTOR = YES;
				GCC_WARN_UNINITIALIZED_AUTOS = YES_AGGRESSIVE;
				GCC_WARN_UNUSED_FUNCTION = YES;
				GCC_WARN_UNUSED_VARIABLE = YES;
				IPHONEOS_DEPLOYMENT_TARGET = 9.0;
				MTL_ENABLE_DEBUG_INFO = NO;
				SDKROOT = iphoneos;
				TARGETED_DEVICE_FAMILY = "1,2";
				VALIDATE_PRODUCT = YES;
			};
			name = Release;
		};
		BFB510291BA2CAB9009BFCE3 /* Debug */ = {
			isa = XCBuildConfiguration;
			buildSettings = {
				ASSETCATALOG_COMPILER_APPICON_NAME = AppIcon;
				INFOPLIST_FILE = CircleTest/Info.plist;
				IPHONEOS_DEPLOYMENT_TARGET = 8;
				LD_RUNPATH_SEARCH_PATHS = "$(inherited) @executable_path/Frameworks";
				PRODUCT_BUNDLE_IDENTIFIER = cc.handos.CircleTest;
				PRODUCT_NAME = "$(TARGET_NAME)";
			};
			name = Debug;
		};
		BFB5102A1BA2CAB9009BFCE3 /* Release */ = {
			isa = XCBuildConfiguration;
			buildSettings = {
				ASSETCATALOG_COMPILER_APPICON_NAME = AppIcon;
				INFOPLIST_FILE = CircleTest/Info.plist;
				IPHONEOS_DEPLOYMENT_TARGET = 8;
				LD_RUNPATH_SEARCH_PATHS = "$(inherited) @executable_path/Frameworks";
				PRODUCT_BUNDLE_IDENTIFIER = cc.handos.CircleTest;
				PRODUCT_NAME = "$(TARGET_NAME)";
			};
			name = Release;
		};
/* End XCBuildConfiguration section */

/* Begin XCConfigurationList section */
		BFB5100C1BA2CAB9009BFCE3 /* Build configuration list for PBXProject "CircleTest" */ = {
			isa = XCConfigurationList;
			buildConfigurations = (
				BFB510261BA2CAB9009BFCE3 /* Debug */,
				BFB510271BA2CAB9009BFCE3 /* Release */,
			);
			defaultConfigurationIsVisible = 0;
			defaultConfigurationName = Release;
		};
		BFB510281BA2CAB9009BFCE3 /* Build configuration list for PBXNativeTarget "CircleTest" */ = {
			isa = XCConfigurationList;
			buildConfigurations = (
				BFB510291BA2CAB9009BFCE3 /* Debug */,
				BFB5102A1BA2CAB9009BFCE3 /* Release */,
			);
			defaultConfigurationIsVisible = 0;
			defaultConfigurationName = Release;
		};
/* End XCConfigurationList section */
	};
	rootObject = BFB510091BA2CAB9009BFCE3 /* Project object */;
}
